
Microsoft Visual Studio Solution File, Format Version 12.00
# Visual Studio 15
VisualStudioVersion = 15.0.28307.572
MinimumVisualStudioVersion = 10.0.40219.1
Project("{FAE04EC0-301F-11D3-BF4B-00C04F79EFBC}") = "ProvaMontreal", "ProvaMontreal\ProvaMontreal.csproj", "{3E51D26B-73EE-4D97-880F-EC4DB24A5F86}"
EndProject
Project("{FAE04EC0-301F-11D3-BF4B-00C04F79EFBC}") = "LibModelControl", "LibModelControl\LibModelControl.csproj", "{88F4A0BC-7E1F-46EB-848C-D6A9E6A4B3A9}"
EndProject
Global
	GlobalSection(SolutionConfigurationPlatforms) = preSolution
		Debug|Any CPU = Debug|Any CPU
		Release|Any CPU = Release|Any CPU
	EndGlobalSection
	GlobalSection(ProjectConfigurationPlatforms) = postSolution
		{3E51D26B-73EE-4D97-880F-EC4DB24A5F86}.Debug|Any CPU.ActiveCfg = Debug|Any CPU
		{3E51D26B-73EE-4D97-880F-EC4DB24A5F86}.Debug|Any CPU.Build.0 = Debug|Any CPU
		{3E51D26B-73EE-4D97-880F-EC4DB24A5F86}.Release|Any CPU.ActiveCfg = Release|Any CPU
		{3E51D26B-73EE-4D97-880F-EC4DB24A5F86}.Release|Any CPU.Build.0 = Release|Any CPU
		{88F4A0BC-7E1F-46EB-848C-D6A9E6A4B3A9}.Debug|Any CPU.ActiveCfg = Debug|Any CPU
		{88F4A0BC-7E1F-46EB-848C-D6A9E6A4B3A9}.Debug|Any CPU.Build.0 = Debug|Any CPU
		{88F4A0BC-7E1F-46EB-848C-D6A9E6A4B3A9}.Release|Any CPU.ActiveCfg = Release|Any CPU
		{88F4A0BC-7E1F-46EB-848C-D6A9E6A4B3A9}.Release|Any CPU.Build.0 = Release|Any CPU
	EndGlobalSection
	GlobalSection(SolutionProperties) = preSolution
		HideSolutionNode = FALSE
	EndGlobalSection
	GlobalSection(ExtensibilityGlobals) = postSolution
		SolutionGuid = {FCDF3E0B-8E01-4396-98A9-8B9AD96C26D3}
	EndGlobalSection
EndGlobal
